// !$*UTF8*$!
{
	archiveVersion = 1;
	classes = {
	};
	objectVersion = 56;
	objects = {

/* Begin PBXBuildFile section */
		896C76692B2A1282006019BF /* eventApp.swift in Sources */ = {isa = PBXBuildFile; fileRef = 896C76682B2A1282006019BF /* eventApp.swift */; };
		896C766B2B2A1282006019BF /* ContentView.swift in Sources */ = {isa = PBXBuildFile; fileRef = 896C766A2B2A1282006019BF /* ContentView.swift */; };
		896C766D2B2A1284006019BF /* Assets.xcassets in Resources */ = {isa = PBXBuildFile; fileRef = 896C766C2B2A1284006019BF /* Assets.xcassets */; };
		896C76702B2A1284006019BF /* Preview Assets.xcassets in Resources */ = {isa = PBXBuildFile; fileRef = 896C766F2B2A1284006019BF /* Preview Assets.xcassets */; };
		896C767F2B2A1506006019BF /* HomeView.swift in Sources */ = {isa = PBXBuildFile; fileRef = 896C767E2B2A1506006019BF /* HomeView.swift */; };
		896C76832B2A152A006019BF /* HeaderView.swift in Sources */ = {isa = PBXBuildFile; fileRef = 896C76822B2A152A006019BF /* HeaderView.swift */; };
		896C76862B2A5984006019BF /* HomeFilerView.swift in Sources */ = {isa = PBXBuildFile; fileRef = 896C76852B2A5984006019BF /* HomeFilerView.swift */; };
		896C76892B2A5C6B006019BF /* EventCardsView.swift in Sources */ = {isa = PBXBuildFile; fileRef = 896C76882B2A5C6B006019BF /* EventCardsView.swift */; };
		896C768C2B30FFB7006019BF /* EventType.swift in Sources */ = {isa = PBXBuildFile; fileRef = 896C768B2B30FFB7006019BF /* EventType.swift */; };
		896C768E2B3100AB006019BF /* DataSourceMock.swift in Sources */ = {isa = PBXBuildFile; fileRef = 896C768D2B3100AB006019BF /* DataSourceMock.swift */; };
		896C76912B334626006019BF /* EventInfoView.swift in Sources */ = {isa = PBXBuildFile; fileRef = 896C76902B334626006019BF /* EventInfoView.swift */; };
		896C76962B3357D9006019BF /* EventSectorType.swift in Sources */ = {isa = PBXBuildFile; fileRef = 896C76952B3357D9006019BF /* EventSectorType.swift */; };
		89E226A02B460C040015ED6E /* EventInfoDetailView.swift in Sources */ = {isa = PBXBuildFile; fileRef = 89E2269F2B460C040015ED6E /* EventInfoDetailView.swift */; };
/* End PBXBuildFile section */

/* Begin PBXFileReference section */
		896C76652B2A1282006019BF /* event.app */ = {isa = PBXFileReference; explicitFileType = wrapper.application; includeInIndex = 0; path = event.app; sourceTree = BUILT_PRODUCTS_DIR; };
		896C76682B2A1282006019BF /* eventApp.swift */ = {isa = PBXFileReference; lastKnownFileType = sourcecode.swift; path = eventApp.swift; sourceTree = "<group>"; };
		896C766A2B2A1282006019BF /* ContentView.swift */ = {isa = PBXFileReference; lastKnownFileType = sourcecode.swift; path = ContentView.swift; sourceTree = "<group>"; };
		896C766C2B2A1284006019BF /* Assets.xcassets */ = {isa = PBXFileReference; lastKnownFileType = folder.assetcatalog; path = Assets.xcassets; sourceTree = "<group>"; };
		896C766F2B2A1284006019BF /* Preview Assets.xcassets */ = {isa = PBXFileReference; lastKnownFileType = folder.assetcatalog; path = "Preview Assets.xcassets"; sourceTree = "<group>"; };
		896C767E2B2A1506006019BF /* HomeView.swift */ = {isa = PBXFileReference; lastKnownFileType = sourcecode.swift; path = HomeView.swift; sourceTree = "<group>"; };
		896C76822B2A152A006019BF /* HeaderView.swift */ = {isa = PBXFileReference; lastKnownFileType = sourcecode.swift; path = HeaderView.swift; sourceTree = "<group>"; };
		896C76852B2A5984006019BF /* HomeFilerView.swift */ = {isa = PBXFileReference; lastKnownFileType = sourcecode.swift; path = HomeFilerView.swift; sourceTree = "<group>"; };
		896C76882B2A5C6B006019BF /* EventCardsView.swift */ = {isa = PBXFileReference; lastKnownFileType = sourcecode.swift; path = EventCardsView.swift; sourceTree = "<group>"; };
		896C768B2B30FFB7006019BF /* EventType.swift */ = {isa = PBXFileReference; lastKnownFileType = sourcecode.swift; path = EventType.swift; sourceTree = "<group>"; };
		896C768D2B3100AB006019BF /* DataSourceMock.swift */ = {isa = PBXFileReference; lastKnownFileType = sourcecode.swift; path = DataSourceMock.swift; sourceTree = "<group>"; };
		896C76902B334626006019BF /* EventInfoView.swift */ = {isa = PBXFileReference; lastKnownFileType = sourcecode.swift; path = EventInfoView.swift; sourceTree = "<group>"; };
		896C76952B3357D9006019BF /* EventSectorType.swift */ = {isa = PBXFileReference; lastKnownFileType = sourcecode.swift; path = EventSectorType.swift; sourceTree = "<group>"; };
		89E2269F2B460C040015ED6E /* EventInfoDetailView.swift */ = {isa = PBXFileReference; lastKnownFileType = sourcecode.swift; path = EventInfoDetailView.swift; sourceTree = "<group>"; };
/* End PBXFileReference section */

/* Begin PBXFrameworksBuildPhase section */
		896C76622B2A1282006019BF /* Frameworks */ = {
			isa = PBXFrameworksBuildPhase;
			buildActionMask = 2147483647;
			files = (
			);
			runOnlyForDeploymentPostprocessing = 0;
		};
/* End PBXFrameworksBuildPhase section */

/* Begin PBXGroup section */
		896C765C2B2A1282006019BF = {
			isa = PBXGroup;
			children = (
				896C76672B2A1282006019BF /* event */,
				896C76662B2A1282006019BF /* Products */,
			);
			sourceTree = "<group>";
		};
		896C76662B2A1282006019BF /* Products */ = {
			isa = PBXGroup;
			children = (
				896C76652B2A1282006019BF /* event.app */,
			);
			name = Products;
			sourceTree = "<group>";
		};
		896C76672B2A1282006019BF /* event */ = {
			isa = PBXGroup;
			children = (
				896C768A2B30FED8006019BF /* Mock */,
				896C766C2B2A1284006019BF /* Assets.xcassets */,
				896C76772B2A12A5006019BF /* App */,
				896C76802B2A1514006019BF /* Components */,
				896C767B2B2A14E1006019BF /* HomeView */,
				896C768F2B334601006019BF /* EventView */,
				896C766E2B2A1284006019BF /* Preview Content */,
			);
			path = event;
			sourceTree = "<group>";
		};
		896C766E2B2A1284006019BF /* Preview Content */ = {
			isa = PBXGroup;
			children = (
				896C766F2B2A1284006019BF /* Preview Assets.xcassets */,
			);
			path = "Preview Content";
			sourceTree = "<group>";
		};
		896C76772B2A12A5006019BF /* App */ = {
			isa = PBXGroup;
			children = (
				896C76682B2A1282006019BF /* eventApp.swift */,
				896C766A2B2A1282006019BF /* ContentView.swift */,
			);
			path = App;
			sourceTree = "<group>";
		};
		896C767B2B2A14E1006019BF /* HomeView */ = {
			isa = PBXGroup;
			children = (
				896C767E2B2A1506006019BF /* HomeView.swift */,
			);
			path = HomeView;
			sourceTree = "<group>";
		};
		896C76802B2A1514006019BF /* Components */ = {
			isa = PBXGroup;
			children = (
				896C76872B2A5C57006019BF /* EventCards */,
				896C76842B2A596A006019BF /* HomeFilter */,
				896C76812B2A151C006019BF /* Header */,
			);
			path = Components;
			sourceTree = "<group>";
		};
		896C76812B2A151C006019BF /* Header */ = {
			isa = PBXGroup;
			children = (
				896C76822B2A152A006019BF /* HeaderView.swift */,
			);
			path = Header;
			sourceTree = "<group>";
		};
		896C76842B2A596A006019BF /* HomeFilter */ = {
			isa = PBXGroup;
			children = (
				896C76852B2A5984006019BF /* HomeFilerView.swift */,
			);
			path = HomeFilter;
			sourceTree = "<group>";
		};
		896C76872B2A5C57006019BF /* EventCards */ = {
			isa = PBXGroup;
			children = (
				896C76882B2A5C6B006019BF /* EventCardsView.swift */,
			);
			path = EventCards;
			sourceTree = "<group>";
		};
		896C768A2B30FED8006019BF /* Mock */ = {
			isa = PBXGroup;
			children = (
				896C768B2B30FFB7006019BF /* EventType.swift */,
				896C768D2B3100AB006019BF /* DataSourceMock.swift */,
				896C76952B3357D9006019BF /* EventSectorType.swift */,
			);
			path = Mock;
			sourceTree = "<group>";
		};
		896C768F2B334601006019BF /* EventView */ = {
			isa = PBXGroup;
			children = (
				896C76902B334626006019BF /* EventInfoView.swift */,
				89E2269F2B460C040015ED6E /* EventInfoDetailView.swift */,
			);
			path = EventView;
			sourceTree = "<group>";
		};
/* End PBXGroup section */

/* Begin PBXNativeTarget section */
		896C76642B2A1282006019BF /* event */ = {
			isa = PBXNativeTarget;
			buildConfigurationList = 896C76732B2A1284006019BF /* Build configuration list for PBXNativeTarget "event" */;
			buildPhases = (
				896C76612B2A1282006019BF /* Sources */,
				896C76622B2A1282006019BF /* Frameworks */,
				896C76632B2A1282006019BF /* Resources */,
			);
			buildRules = (
			);
			dependencies = (
			);
			name = event;
			productName = event;
			productReference = 896C76652B2A1282006019BF /* event.app */;
			productType = "com.apple.product-type.application";
		};
/* End PBXNativeTarget section */

/* Begin PBXProject section */
		896C765D2B2A1282006019BF /* Project object */ = {
			isa = PBXProject;
			attributes = {
				BuildIndependentTargetsInParallel = 1;
				LastSwiftUpdateCheck = 1500;
				LastUpgradeCheck = 1500;
				TargetAttributes = {
					896C76642B2A1282006019BF = {
						CreatedOnToolsVersion = 15.0.1;
					};
				};
			};
			buildConfigurationList = 896C76602B2A1282006019BF /* Build configuration list for PBXProject "event" */;
			compatibilityVersion = "Xcode 14.0";
			developmentRegion = en;
			hasScannedForEncodings = 0;
			knownRegions = (
				en,
				Base,
			);
			mainGroup = 896C765C2B2A1282006019BF;
			productRefGroup = 896C76662B2A1282006019BF /* Products */;
			projectDirPath = "";
			projectRoot = "";
			targets = (
				896C76642B2A1282006019BF /* event */,
			);
		};
/* End PBXProject section */

/* Begin PBXResourcesBuildPhase section */
		896C76632B2A1282006019BF /* Resources */ = {
			isa = PBXResourcesBuildPhase;
			buildActionMask = 2147483647;
			files = (
				896C76702B2A1284006019BF /* Preview Assets.xcassets in Resources */,
				896C766D2B2A1284006019BF /* Assets.xcassets in Resources */,
			);
			runOnlyForDeploymentPostprocessing = 0;
		};
/* End PBXResourcesBuildPhase section */

/* Begin PBXSourcesBuildPhase section */
		896C76612B2A1282006019BF /* Sources */ = {
			isa = PBXSourcesBuildPhase;
			buildActionMask = 2147483647;
			files = (
				896C768C2B30FFB7006019BF /* EventType.swift in Sources */,
				89E226A02B460C040015ED6E /* EventInfoDetailView.swift in Sources */,
				896C767F2B2A1506006019BF /* HomeView.swift in Sources */,
				896C76862B2A5984006019BF /* HomeFilerView.swift in Sources */,
				896C76912B334626006019BF /* EventInfoView.swift in Sources */,
				896C766B2B2A1282006019BF /* ContentView.swift in Sources */,
				896C768E2B3100AB006019BF /* DataSourceMock.swift in Sources */,
				896C76962B3357D9006019BF /* EventSectorType.swift in Sources */,
				896C76692B2A1282006019BF /* eventApp.swift in Sources */,
				896C76832B2A152A006019BF /* HeaderView.swift in Sources */,
				896C76892B2A5C6B006019BF /* EventCardsView.swift in Sources */,
			);
			runOnlyForDeploymentPostprocessing = 0;
		};
/* End PBXSourcesBuildPhase section */

/* Begin XCBuildConfiguration section */
		896C76712B2A1284006019BF /* Debug */ = {
			isa = XCBuildConfiguration;
			buildSettings = {
				ALWAYS_SEARCH_USER_PATHS = NO;
				ASSETCATALOG_COMPILER_GENERATE_SWIFT_ASSET_SYMBOL_EXTENSIONS = YES;
				CLANG_ANALYZER_NONNULL = YES;
				CLANG_ANALYZER_NUMBER_OBJECT_CONVERSION = YES_AGGRESSIVE;
				CLANG_CXX_LANGUAGE_STANDARD = "gnu++20";
				CLANG_ENABLE_MODULES = YES;
				CLANG_ENABLE_OBJC_ARC = YES;
				CLANG_ENABLE_OBJC_WEAK = YES;
				CLANG_WARN_BLOCK_CAPTURE_AUTORELEASING = YES;
				CLANG_WARN_BOOL_CONVERSION = YES;
				CLANG_WARN_COMMA = YES;
				CLANG_WARN_CONSTANT_CONVERSION = YES;
				CLANG_WARN_DEPRECATED_OBJC_IMPLEMENTATIONS = YES;
				CLANG_WARN_DIRECT_OBJC_ISA_USAGE = YES_ERROR;
				CLANG_WARN_DOCUMENTATION_COMMENTS = YES;
				CLANG_WARN_EMPTY_BODY = YES;
				CLANG_WARN_ENUM_CONVERSION = YES;
				CLANG_WARN_INFINITE_RECURSION = YES;
				CLANG_WARN_INT_CONVERSION = YES;
				CLANG_WARN_NON_LITERAL_NULL_CONVERSION = YES;
				CLANG_WARN_OBJC_IMPLICIT_RETAIN_SELF = YES;
				CLANG_WARN_OBJC_LITERAL_CONVERSION = YES;
				CLANG_WARN_OBJC_ROOT_CLASS = YES_ERROR;
				CLANG_WARN_QUOTED_INCLUDE_IN_FRAMEWORK_HEADER = YES;
				CLANG_WARN_RANGE_LOOP_ANALYSIS = YES;
				CLANG_WARN_STRICT_PROTOTYPES = YES;
				CLANG_WARN_SUSPICIOUS_MOVE = YES;
				CLANG_WARN_UNGUARDED_AVAILABILITY = YES_AGGRESSIVE;
				CLANG_WARN_UNREACHABLE_CODE = YES;
				CLANG_WARN__DUPLICATE_METHOD_MATCH = YES;
				COPY_PHASE_STRIP = NO;
				DEBUG_INFORMATION_FORMAT = dwarf;
				ENABLE_STRICT_OBJC_MSGSEND = YES;
				ENABLE_TESTABILITY = YES;
				ENABLE_USER_SCRIPT_SANDBOXING = YES;
				GCC_C_LANGUAGE_STANDARD = gnu17;
				GCC_DYNAMIC_NO_PIC = NO;
				GCC_NO_COMMON_BLOCKS = YES;
				GCC_OPTIMIZATION_LEVEL = 0;
				GCC_PREPROCESSOR_DEFINITIONS = (
					"DEBUG=1",
					"$(inherited)",
				);
				GCC_WARN_64_TO_32_BIT_CONVERSION = YES;
				GCC_WARN_ABOUT_RETURN_TYPE = YES_ERROR;
				GCC_WARN_UNDECLARED_SELECTOR = YES;
				GCC_WARN_UNINITIALIZED_AUTOS = YES_AGGRESSIVE;
				GCC_WARN_UNUSED_FUNCTION = YES;
				GCC_WARN_UNUSED_VARIABLE = YES;
				IPHONEOS_DEPLOYMENT_TARGET = 17.0;
				LOCALIZATION_PREFERS_STRING_CATALOGS = YES;
				MTL_ENABLE_DEBUG_INFO = INCLUDE_SOURCE;
				MTL_FAST_MATH = YES;
				ONLY_ACTIVE_ARCH = YES;
				SDKROOT = iphoneos;
				SWIFT_ACTIVE_COMPILATION_CONDITIONS = "DEBUG $(inherited)";
				SWIFT_OPTIMIZATION_LEVEL = "-Onone";
			};
			name = Debug;
		};
		896C76722B2A1284006019BF /* Release */ = {
			isa = XCBuildConfiguration;
			buildSettings = {
				ALWAYS_SEARCH_USER_PATHS = NO;
				ASSETCATALOG_COMPILER_GENERATE_SWIFT_ASSET_SYMBOL_EXTENSIONS = YES;
				CLANG_ANALYZER_NONNULL = YES;
				CLANG_ANALYZER_NUMBER_OBJECT_CONVERSION = YES_AGGRESSIVE;
				CLANG_CXX_LANGUAGE_STANDARD = "gnu++20";
				CLANG_ENABLE_MODULES = YES;
				CLANG_ENABLE_OBJC_ARC = YES;
				CLANG_ENABLE_OBJC_WEAK = YES;
				CLANG_WARN_BLOCK_CAPTURE_AUTORELEASING = YES;
				CLANG_WARN_BOOL_CONVERSION = YES;
				CLANG_WARN_COMMA = YES;
				CLANG_WARN_CONSTANT_CONVERSION = YES;
				CLANG_WARN_DEPRECATED_OBJC_IMPLEMENTATIONS = YES;
				CLANG_WARN_DIRECT_OBJC_ISA_USAGE = YES_ERROR;
				CLANG_WARN_DOCUMENTATION_COMMENTS = YES;
				CLANG_WARN_EMPTY_BODY = YES;
				CLANG_WARN_ENUM_CONVERSION = YES;
				CLANG_WARN_INFINITE_RECURSION = YES;
				CLANG_WARN_INT_CONVERSION = YES;
				CLANG_WARN_NON_LITERAL_NULL_CONVERSION = YES;
				CLANG_WARN_OBJC_IMPLICIT_RETAIN_SELF = YES;
				CLANG_WARN_OBJC_LITERAL_CONVERSION = YES;
				CLANG_WARN_OBJC_ROOT_CLASS = YES_ERROR;
				CLANG_WARN_QUOTED_INCLUDE_IN_FRAMEWORK_HEADER = YES;
				CLANG_WARN_RANGE_LOOP_ANALYSIS = YES;
				CLANG_WARN_STRICT_PROTOTYPES = YES;
				CLANG_WARN_SUSPICIOUS_MOVE = YES;
				CLANG_WARN_UNGUARDED_AVAILABILITY = YES_AGGRESSIVE;
				CLANG_WARN_UNREACHABLE_CODE = YES;
				CLANG_WARN__DUPLICATE_METHOD_MATCH = YES;
				COPY_PHASE_STRIP = NO;
				DEBUG_INFORMATION_FORMAT = "dwarf-with-dsym";
				ENABLE_NS_ASSERTIONS = NO;
				ENABLE_STRICT_OBJC_MSGSEND = YES;
				ENABLE_USER_SCRIPT_SANDBOXING = YES;
				GCC_C_LANGUAGE_STANDARD = gnu17;
				GCC_NO_COMMON_BLOCKS = YES;
				GCC_WARN_64_TO_32_BIT_CONVERSION = YES;
				GCC_WARN_ABOUT_RETURN_TYPE = YES_ERROR;
				GCC_WARN_UNDECLARED_SELECTOR = YES;
				GCC_WARN_UNINITIALIZED_AUTOS = YES_AGGRESSIVE;
				GCC_WARN_UNUSED_FUNCTION = YES;
				GCC_WARN_UNUSED_VARIABLE = YES;
				IPHONEOS_DEPLOYMENT_TARGET = 17.0;
				LOCALIZATION_PREFERS_STRING_CATALOGS = YES;
				MTL_ENABLE_DEBUG_INFO = NO;
				MTL_FAST_MATH = YES;
				SDKROOT = iphoneos;
				SWIFT_COMPILATION_MODE = wholemodule;
				VALIDATE_PRODUCT = YES;
			};
			name = Release;
		};
		896C76742B2A1284006019BF /* Debug */ = {
			isa = XCBuildConfiguration;
			buildSettings = {
				ASSETCATALOG_COMPILER_APPICON_NAME = AppIcon;
				ASSETCATALOG_COMPILER_GLOBAL_ACCENT_COLOR_NAME = AccentColor;
				CODE_SIGN_STYLE = Automatic;
				CURRENT_PROJECT_VERSION = 1;
				DEVELOPMENT_ASSET_PATHS = "\"event/Preview Content\"";
				ENABLE_PREVIEWS = YES;
				GENERATE_INFOPLIST_FILE = YES;
				INFOPLIST_KEY_UIApplicationSceneManifest_Generation = YES;
				INFOPLIST_KEY_UIApplicationSupportsIndirectInputEvents = YES;
				INFOPLIST_KEY_UILaunchScreen_Generation = YES;
				INFOPLIST_KEY_UISupportedInterfaceOrientations_iPad = "UIInterfaceOrientationPortrait UIInterfaceOrientationPortraitUpsideDown UIInterfaceOrientationLandscapeLeft UIInterfaceOrientationLandscapeRight";
				INFOPLIST_KEY_UISupportedInterfaceOrientations_iPhone = "UIInterfaceOrientationPortrait UIInterfaceOrientationLandscapeLeft UIInterfaceOrientationLandscapeRight";
				LD_RUNPATH_SEARCH_PATHS = (
					"$(inherited)",
					"@executable_path/Frameworks",
				);
				MARKETING_VERSION = 1.0;
				PRODUCT_BUNDLE_IDENTIFIER = fmm.event;
				PRODUCT_NAME = "$(TARGET_NAME)";
				SWIFT_EMIT_LOC_STRINGS = YES;
				SWIFT_VERSION = 5.0;
				TARGETED_DEVICE_FAMILY = "1,2";
			};
			name = Debug;
		};
		896C76752B2A1284006019BF /* Release */ = {
			isa = XCBuildConfiguration;
			buildSettings = {
				ASSETCATALOG_COMPILER_APPICON_NAME = AppIcon;
				ASSETCATALOG_COMPILER_GLOBAL_ACCENT_COLOR_NAME = AccentColor;
				CODE_SIGN_STYLE = Automatic;
				CURRENT_PROJECT_VERSION = 1;
				DEVELOPMENT_ASSET_PATHS = "\"event/Preview Content\"";
				ENABLE_PREVIEWS = YES;
				GENERATE_INFOPLIST_FILE = YES;
				INFOPLIST_KEY_UIApplicationSceneManifest_Generation = YES;
				INFOPLIST_KEY_UIApplicationSupportsIndirectInputEvents = YES;
				INFOPLIST_KEY_UILaunchScreen_Generation = YES;
				INFOPLIST_KEY_UISupportedInterfaceOrientations_iPad = "UIInterfaceOrientationPortrait UIInterfaceOrientationPortraitUpsideDown UIInterfaceOrientationLandscapeLeft UIInterfaceOrientationLandscapeRight";
				INFOPLIST_KEY_UISupportedInterfaceOrientations_iPhone = "UIInterfaceOrientationPortrait UIInterfaceOrientationLandscapeLeft UIInterfaceOrientationLandscapeRight";
				LD_RUNPATH_SEARCH_PATHS = (
					"$(inherited)",
					"@executable_path/Frameworks",
				);
				MARKETING_VERSION = 1.0;
				PRODUCT_BUNDLE_IDENTIFIER = fmm.event;
				PRODUCT_NAME = "$(TARGET_NAME)";
				SWIFT_EMIT_LOC_STRINGS = YES;
				SWIFT_VERSION = 5.0;
				TARGETED_DEVICE_FAMILY = "1,2";
			};
			name = Release;
		};
/* End XCBuildConfiguration section */

/* Begin XCConfigurationList section */
		896C76602B2A1282006019BF /* Build configuration list for PBXProject "event" */ = {
			isa = XCConfigurationList;
			buildConfigurations = (
				896C76712B2A1284006019BF /* Debug */,
				896C76722B2A1284006019BF /* Release */,
			);
			defaultConfigurationIsVisible = 0;
			defaultConfigurationName = Release;
		};
		896C76732B2A1284006019BF /* Build configuration list for PBXNativeTarget "event" */ = {
			isa = XCConfigurationList;
			buildConfigurations = (
				896C76742B2A1284006019BF /* Debug */,
				896C76752B2A1284006019BF /* Release */,
			);
			defaultConfigurationIsVisible = 0;
			defaultConfigurationName = Release;
		};
/* End XCConfigurationList section */
	};
	rootObject = 896C765D2B2A1282006019BF /* Project object */;
}
